
Microsoft Visual Studio Solution File, Format Version 12.00
# Visual Studio Version 17
VisualStudioVersion = 17.14.36109.1
MinimumVisualStudioVersion = 10.0.40219.1
Project("{2150E333-8FDC-42A3-9474-1A3956D46DE8}") = "Week 0", "Week 0", "{02EA681E-C7D8-13C7-8484-4AC65E1B71E8}"
EndProject
Project("{FAE04EC0-301F-11D3-BF4B-00C04F79EFBC}") = "01-CountElementsGreaterThanPreviousAverage", "Week 1\01-CountElementsGreaterThanPreviousAverage\01-CountElementsGreaterThanPreviousAverage.csproj", "{A9B242D9-ADFF-DB9A-E8FE-957ECD294A8B}"
EndProject
Project("{FAE04EC0-301F-11D3-BF4B-00C04F79EFBC}") = "02-FindtheSmallestMissingPositiveInteger", "Week 1\02-FindtheSmallestMissingPositiveInteger\02-FindtheSmallestMissingPositiveInteger.csproj", "{7DB8DD0B-C37A-4ACE-2B11-EE3A70145B21}"
EndProject
Project("{FAE04EC0-301F-11D3-BF4B-00C04F79EFBC}") = "03-CheckPalindromebyFilteringNon-Letters", "Week 1\03-CheckPalindromebyFilteringNon-Letters\03-CheckPalindromebyFilteringNon-Letters.csproj", "{E6E3956D-8D06-56F7-BF3F-81EA7A3936C0}"
EndProject
Project("{FAE04EC0-301F-11D3-BF4B-00C04F79EFBC}") = "04-CheckforNon-IdenticalStringRotation", "Week 1\04-CheckforNon-IdenticalStringRotation\04-CheckforNon-IdenticalStringRotation.csproj", "{63AF3067-6DC4-40D3-6AB9-6625A7AD7004}"
EndProject
Project("{FAE04EC0-301F-11D3-BF4B-00C04F79EFBC}") = "05-TargetIndexSearch", "Week 1\05-TargetIndexSearch\05-TargetIndexSearch.csproj", "{011A1254-995D-3F00-55E6-2780D9739BD5}"
EndProject
Project("{FAE04EC0-301F-11D3-BF4B-00C04F79EFBC}") = "06-FindFirstOcurrence", "Week 1\06-FindFirstOcurrence\06-FindFirstOcurrence.csproj", "{D3DC2D2B-B526-E00C-F6CD-30F0BAF7981F}"
EndProject
Project("{FAE04EC0-301F-11D3-BF4B-00C04F79EFBC}") = "07-MaximumNumberofNonOverlappingIntervals", "Week 1\07-MaximumNumberofNonOverlappingIntervals\07-MaximumNumberofNonOverlappingIntervals.csproj", "{FB66EC40-5567-1D8F-FF26-C67F81569BEA}"
EndProject
Project("{FAE04EC0-301F-11D3-BF4B-00C04F79EFBC}") = "08-ValidateProperlyNestedBrackets", "Week 1\08-ValidateProperlyNestedBrackets\08-ValidateProperlyNestedBrackets.csproj", "{F8AA1D6C-DFA6-C38D-EBB5-15255A8C5D94}"
EndProject
Project("{FAE04EC0-301F-11D3-BF4B-00C04F79EFBC}") = "09-Min-TrackingStackImplementation", "Week 1\09-Min-TrackingStackImplementation\09-Min-TrackingStackImplementation.csproj", "{1BFEA5BF-00E7-7C7B-BC2C-8D4E8C72B6AC}"
EndProject
Project("{FAE04EC0-301F-11D3-BF4B-00C04F79EFBC}") = "10-One-PassRemovalofK-thNodefromEnd", "Week 1\10-One-PassRemovalofK-thNodefromEnd\10-One-PassRemovalofK-thNodefromEnd.csproj", "{EAD7D05C-1384-C81A-DBB1-7AC1A56CA1F0}"
EndProject
Project("{2150E333-8FDC-42A3-9474-1A3956D46DE8}") = "Week 2", "Week 2", "{57A6A123-7A3A-436A-A55C-3B63D031E2C0}"
EndProject
Project("{2150E333-8FDC-42A3-9474-1A3956D46DE8}") = "Week 3", "Week 3", "{B4F9CBBF-5898-4B6B-95F2-213189F3B0A9}"
EndProject
Project("{2150E333-8FDC-42A3-9474-1A3956D46DE8}") = "Week 4", "Week 4", "{F98DB6CD-57B8-4550-BAB1-57C0F8198A57}"
EndProject
Project("{2150E333-8FDC-42A3-9474-1A3956D46DE8}") = "Week 1", "Week 1", "{913FAE4A-0533-460B-B647-A110914C8E31}"
EndProject
Project("{FAE04EC0-301F-11D3-BF4B-00C04F79EFBC}") = "01-PlusMinus", "Week 1\01-PlusMinus\01-PlusMinus.csproj", "{7601BBC7-001B-10A1-58E5-9EF0B4A6E120}"
EndProject
Project("{FAE04EC0-301F-11D3-BF4B-00C04F79EFBC}") = "02-Mini-MaxSum", "Week 1\02-Mini-MaxSum\02-Mini-MaxSum.csproj", "{6938565A-A9D0-E0E0-ECBF-F818AD7C3518}"
EndProject
Project("{FAE04EC0-301F-11D3-BF4B-00C04F79EFBC}") = "03-TimeConversion", "Week 1\03-TimeConversion\03-TimeConversion.csproj", "{B008FA1E-5F39-A185-C223-AAA0C6B863CF}"
EndProject
Project("{FAE04EC0-301F-11D3-BF4B-00C04F79EFBC}") = "04-BreakingtheRecord", "Week 1\04-BreakingtheRecord\04-BreakingtheRecord.csproj", "{125DF252-7EFC-4997-E9B7-900466F9D954}"
EndProject
Project("{FAE04EC0-301F-11D3-BF4B-00C04F79EFBC}") = "05-CamelCase4", "Week 1\05-CamelCase4\05-CamelCase4.csproj", "{4F6D85ED-4D02-FBB8-7521-55F877CBAD29}"
EndProject
Project("{FAE04EC0-301F-11D3-BF4B-00C04F79EFBC}") = "06-DivisibleSumPairs", "Week 1\06-DivisibleSumPairs\06-DivisibleSumPairs.csproj", "{CC6C3B89-989D-920F-AB15-200C7D49D553}"
EndProject
Project("{FAE04EC0-301F-11D3-BF4B-00C04F79EFBC}") = "07-SparseArrays", "Week 1\07-SparseArrays\07-SparseArrays.csproj", "{50920FD7-B1C8-0B93-5A92-79988B768923}"
EndProject
Project("{FAE04EC0-301F-11D3-BF4B-00C04F79EFBC}") = "01-LonelyInteger", "Week 2\01-LonelyInteger\01-LonelyInteger.csproj", "{ABA01BFF-9893-7A14-C057-7524D67BB0AB}"
EndProject
Project("{FAE04EC0-301F-11D3-BF4B-00C04F79EFBC}") = "02-GradingStudents", "Week 2\02-GradingStudents\02-GradingStudents.csproj", "{81F984BC-BEC8-E096-2560-19CDEB3FBB7A}"
EndProject
Project("{FAE04EC0-301F-11D3-BF4B-00C04F79EFBC}") = "03-FlippingBits", "Week 2\03-FlippingBits\03-FlippingBits.csproj", "{4144D715-3660-B892-0AAF-2ED8E6EF73AE}"
EndProject
Project("{FAE04EC0-301F-11D3-BF4B-00C04F79EFBC}") = "04-DiagonalDifference", "Week 2\04-DiagonalDifference\04-DiagonalDifference.csproj", "{3FB46692-0822-489E-6175-60F16A34AF90}"
EndProject
Project("{FAE04EC0-301F-11D3-BF4B-00C04F79EFBC}") = "05-CountingSort1", "Week 2\05-CountingSort1\05-CountingSort1.csproj", "{36EACC14-3F44-3E48-039F-A31441D7C489}"
EndProject
Project("{FAE04EC0-301F-11D3-BF4B-00C04F79EFBC}") = "MockTest", "Week 1\MockTest\MockTest.csproj", "{F45A6C10-CCF2-2CB3-C137-3A0F7C86930B}"
EndProject
Project("{FAE04EC0-301F-11D3-BF4B-00C04F79EFBC}") = "06-CountingValleys", "Week 2\06-CountingValleys\06-CountingValleys.csproj", "{CAB8138D-EA9C-B795-BB50-91C5B42FE20A}"
EndProject
Project("{FAE04EC0-301F-11D3-BF4B-00C04F79EFBC}") = "07-Pangrams", "Week 2\07-Pangrams\07-Pangrams.csproj", "{26EF50D8-268E-36D8-9C56-2A1A98941A93}"
EndProject
Project("{FAE04EC0-301F-11D3-BF4B-00C04F79EFBC}") = "08-MarsExploration", "Week 2\08-MarsExploration\08-MarsExploration.csproj", "{37CD373B-71B8-C159-5442-8F308E95339F}"
EndProject
Global
	GlobalSection(SolutionConfigurationPlatforms) = preSolution
		Debug|Any CPU = Debug|Any CPU
		Release|Any CPU = Release|Any CPU
	EndGlobalSection
	GlobalSection(ProjectConfigurationPlatforms) = postSolution
		{A9B242D9-ADFF-DB9A-E8FE-957ECD294A8B}.Debug|Any CPU.ActiveCfg = Debug|Any CPU
		{A9B242D9-ADFF-DB9A-E8FE-957ECD294A8B}.Debug|Any CPU.Build.0 = Debug|Any CPU
		{A9B242D9-ADFF-DB9A-E8FE-957ECD294A8B}.Release|Any CPU.ActiveCfg = Release|Any CPU
		{A9B242D9-ADFF-DB9A-E8FE-957ECD294A8B}.Release|Any CPU.Build.0 = Release|Any CPU
		{7DB8DD0B-C37A-4ACE-2B11-EE3A70145B21}.Debug|Any CPU.ActiveCfg = Debug|Any CPU
		{7DB8DD0B-C37A-4ACE-2B11-EE3A70145B21}.Debug|Any CPU.Build.0 = Debug|Any CPU
		{7DB8DD0B-C37A-4ACE-2B11-EE3A70145B21}.Release|Any CPU.ActiveCfg = Release|Any CPU
		{7DB8DD0B-C37A-4ACE-2B11-EE3A70145B21}.Release|Any CPU.Build.0 = Release|Any CPU
		{E6E3956D-8D06-56F7-BF3F-81EA7A3936C0}.Debug|Any CPU.ActiveCfg = Debug|Any CPU
		{E6E3956D-8D06-56F7-BF3F-81EA7A3936C0}.Debug|Any CPU.Build.0 = Debug|Any CPU
		{E6E3956D-8D06-56F7-BF3F-81EA7A3936C0}.Release|Any CPU.ActiveCfg = Release|Any CPU
		{E6E3956D-8D06-56F7-BF3F-81EA7A3936C0}.Release|Any CPU.Build.0 = Release|Any CPU
		{63AF3067-6DC4-40D3-6AB9-6625A7AD7004}.Debug|Any CPU.ActiveCfg = Debug|Any CPU
		{63AF3067-6DC4-40D3-6AB9-6625A7AD7004}.Debug|Any CPU.Build.0 = Debug|Any CPU
		{63AF3067-6DC4-40D3-6AB9-6625A7AD7004}.Release|Any CPU.ActiveCfg = Release|Any CPU
		{63AF3067-6DC4-40D3-6AB9-6625A7AD7004}.Release|Any CPU.Build.0 = Release|Any CPU
		{011A1254-995D-3F00-55E6-2780D9739BD5}.Debug|Any CPU.ActiveCfg = Debug|Any CPU
		{011A1254-995D-3F00-55E6-2780D9739BD5}.Debug|Any CPU.Build.0 = Debug|Any CPU
		{011A1254-995D-3F00-55E6-2780D9739BD5}.Release|Any CPU.ActiveCfg = Release|Any CPU
		{011A1254-995D-3F00-55E6-2780D9739BD5}.Release|Any CPU.Build.0 = Release|Any CPU
		{D3DC2D2B-B526-E00C-F6CD-30F0BAF7981F}.Debug|Any CPU.ActiveCfg = Debug|Any CPU
		{D3DC2D2B-B526-E00C-F6CD-30F0BAF7981F}.Debug|Any CPU.Build.0 = Debug|Any CPU
		{D3DC2D2B-B526-E00C-F6CD-30F0BAF7981F}.Release|Any CPU.ActiveCfg = Release|Any CPU
		{D3DC2D2B-B526-E00C-F6CD-30F0BAF7981F}.Release|Any CPU.Build.0 = Release|Any CPU
		{FB66EC40-5567-1D8F-FF26-C67F81569BEA}.Debug|Any CPU.ActiveCfg = Debug|Any CPU
		{FB66EC40-5567-1D8F-FF26-C67F81569BEA}.Debug|Any CPU.Build.0 = Debug|Any CPU
		{FB66EC40-5567-1D8F-FF26-C67F81569BEA}.Release|Any CPU.ActiveCfg = Release|Any CPU
		{FB66EC40-5567-1D8F-FF26-C67F81569BEA}.Release|Any CPU.Build.0 = Release|Any CPU
		{F8AA1D6C-DFA6-C38D-EBB5-15255A8C5D94}.Debug|Any CPU.ActiveCfg = Debug|Any CPU
		{F8AA1D6C-DFA6-C38D-EBB5-15255A8C5D94}.Debug|Any CPU.Build.0 = Debug|Any CPU
		{F8AA1D6C-DFA6-C38D-EBB5-15255A8C5D94}.Release|Any CPU.ActiveCfg = Release|Any CPU
		{F8AA1D6C-DFA6-C38D-EBB5-15255A8C5D94}.Release|Any CPU.Build.0 = Release|Any CPU
		{1BFEA5BF-00E7-7C7B-BC2C-8D4E8C72B6AC}.Debug|Any CPU.ActiveCfg = Debug|Any CPU
		{1BFEA5BF-00E7-7C7B-BC2C-8D4E8C72B6AC}.Debug|Any CPU.Build.0 = Debug|Any CPU
		{1BFEA5BF-00E7-7C7B-BC2C-8D4E8C72B6AC}.Release|Any CPU.ActiveCfg = Release|Any CPU
		{1BFEA5BF-00E7-7C7B-BC2C-8D4E8C72B6AC}.Release|Any CPU.Build.0 = Release|Any CPU
		{EAD7D05C-1384-C81A-DBB1-7AC1A56CA1F0}.Debug|Any CPU.ActiveCfg = Debug|Any CPU
		{EAD7D05C-1384-C81A-DBB1-7AC1A56CA1F0}.Debug|Any CPU.Build.0 = Debug|Any CPU
		{EAD7D05C-1384-C81A-DBB1-7AC1A56CA1F0}.Release|Any CPU.ActiveCfg = Release|Any CPU
		{EAD7D05C-1384-C81A-DBB1-7AC1A56CA1F0}.Release|Any CPU.Build.0 = Release|Any CPU
		{7601BBC7-001B-10A1-58E5-9EF0B4A6E120}.Debug|Any CPU.ActiveCfg = Debug|Any CPU
		{7601BBC7-001B-10A1-58E5-9EF0B4A6E120}.Debug|Any CPU.Build.0 = Debug|Any CPU
		{7601BBC7-001B-10A1-58E5-9EF0B4A6E120}.Release|Any CPU.ActiveCfg = Release|Any CPU
		{7601BBC7-001B-10A1-58E5-9EF0B4A6E120}.Release|Any CPU.Build.0 = Release|Any CPU
		{6938565A-A9D0-E0E0-ECBF-F818AD7C3518}.Debug|Any CPU.ActiveCfg = Debug|Any CPU
		{6938565A-A9D0-E0E0-ECBF-F818AD7C3518}.Debug|Any CPU.Build.0 = Debug|Any CPU
		{6938565A-A9D0-E0E0-ECBF-F818AD7C3518}.Release|Any CPU.ActiveCfg = Release|Any CPU
		{6938565A-A9D0-E0E0-ECBF-F818AD7C3518}.Release|Any CPU.Build.0 = Release|Any CPU
		{B008FA1E-5F39-A185-C223-AAA0C6B863CF}.Debug|Any CPU.ActiveCfg = Debug|Any CPU
		{B008FA1E-5F39-A185-C223-AAA0C6B863CF}.Debug|Any CPU.Build.0 = Debug|Any CPU
		{B008FA1E-5F39-A185-C223-AAA0C6B863CF}.Release|Any CPU.ActiveCfg = Release|Any CPU
		{B008FA1E-5F39-A185-C223-AAA0C6B863CF}.Release|Any CPU.Build.0 = Release|Any CPU
		{125DF252-7EFC-4997-E9B7-900466F9D954}.Debug|Any CPU.ActiveCfg = Debug|Any CPU
		{125DF252-7EFC-4997-E9B7-900466F9D954}.Debug|Any CPU.Build.0 = Debug|Any CPU
		{125DF252-7EFC-4997-E9B7-900466F9D954}.Release|Any CPU.ActiveCfg = Release|Any CPU
		{125DF252-7EFC-4997-E9B7-900466F9D954}.Release|Any CPU.Build.0 = Release|Any CPU
		{4F6D85ED-4D02-FBB8-7521-55F877CBAD29}.Debug|Any CPU.ActiveCfg = Debug|Any CPU
		{4F6D85ED-4D02-FBB8-7521-55F877CBAD29}.Debug|Any CPU.Build.0 = Debug|Any CPU
		{4F6D85ED-4D02-FBB8-7521-55F877CBAD29}.Release|Any CPU.ActiveCfg = Release|Any CPU
		{4F6D85ED-4D02-FBB8-7521-55F877CBAD29}.Release|Any CPU.Build.0 = Release|Any CPU
		{CC6C3B89-989D-920F-AB15-200C7D49D553}.Debug|Any CPU.ActiveCfg = Debug|Any CPU
		{CC6C3B89-989D-920F-AB15-200C7D49D553}.Debug|Any CPU.Build.0 = Debug|Any CPU
		{CC6C3B89-989D-920F-AB15-200C7D49D553}.Release|Any CPU.ActiveCfg = Release|Any CPU
		{CC6C3B89-989D-920F-AB15-200C7D49D553}.Release|Any CPU.Build.0 = Release|Any CPU
		{50920FD7-B1C8-0B93-5A92-79988B768923}.Debug|Any CPU.ActiveCfg = Debug|Any CPU
		{50920FD7-B1C8-0B93-5A92-79988B768923}.Debug|Any CPU.Build.0 = Debug|Any CPU
		{50920FD7-B1C8-0B93-5A92-79988B768923}.Release|Any CPU.ActiveCfg = Release|Any CPU
		{50920FD7-B1C8-0B93-5A92-79988B768923}.Release|Any CPU.Build.0 = Release|Any CPU
		{ABA01BFF-9893-7A14-C057-7524D67BB0AB}.Debug|Any CPU.ActiveCfg = Debug|Any CPU
		{ABA01BFF-9893-7A14-C057-7524D67BB0AB}.Debug|Any CPU.Build.0 = Debug|Any CPU
		{ABA01BFF-9893-7A14-C057-7524D67BB0AB}.Release|Any CPU.ActiveCfg = Release|Any CPU
		{ABA01BFF-9893-7A14-C057-7524D67BB0AB}.Release|Any CPU.Build.0 = Release|Any CPU
		{81F984BC-BEC8-E096-2560-19CDEB3FBB7A}.Debug|Any CPU.ActiveCfg = Debug|Any CPU
		{81F984BC-BEC8-E096-2560-19CDEB3FBB7A}.Debug|Any CPU.Build.0 = Debug|Any CPU
		{81F984BC-BEC8-E096-2560-19CDEB3FBB7A}.Release|Any CPU.ActiveCfg = Release|Any CPU
		{81F984BC-BEC8-E096-2560-19CDEB3FBB7A}.Release|Any CPU.Build.0 = Release|Any CPU
		{4144D715-3660-B892-0AAF-2ED8E6EF73AE}.Debug|Any CPU.ActiveCfg = Debug|Any CPU
		{4144D715-3660-B892-0AAF-2ED8E6EF73AE}.Debug|Any CPU.Build.0 = Debug|Any CPU
		{4144D715-3660-B892-0AAF-2ED8E6EF73AE}.Release|Any CPU.ActiveCfg = Release|Any CPU
		{4144D715-3660-B892-0AAF-2ED8E6EF73AE}.Release|Any CPU.Build.0 = Release|Any CPU
		{3FB46692-0822-489E-6175-60F16A34AF90}.Debug|Any CPU.ActiveCfg = Debug|Any CPU
		{3FB46692-0822-489E-6175-60F16A34AF90}.Debug|Any CPU.Build.0 = Debug|Any CPU
		{3FB46692-0822-489E-6175-60F16A34AF90}.Release|Any CPU.ActiveCfg = Release|Any CPU
		{3FB46692-0822-489E-6175-60F16A34AF90}.Release|Any CPU.Build.0 = Release|Any CPU
		{36EACC14-3F44-3E48-039F-A31441D7C489}.Debug|Any CPU.ActiveCfg = Debug|Any CPU
		{36EACC14-3F44-3E48-039F-A31441D7C489}.Debug|Any CPU.Build.0 = Debug|Any CPU
		{36EACC14-3F44-3E48-039F-A31441D7C489}.Release|Any CPU.ActiveCfg = Release|Any CPU
		{36EACC14-3F44-3E48-039F-A31441D7C489}.Release|Any CPU.Build.0 = Release|Any CPU
		{F45A6C10-CCF2-2CB3-C137-3A0F7C86930B}.Debug|Any CPU.ActiveCfg = Debug|Any CPU
		{F45A6C10-CCF2-2CB3-C137-3A0F7C86930B}.Debug|Any CPU.Build.0 = Debug|Any CPU
		{F45A6C10-CCF2-2CB3-C137-3A0F7C86930B}.Release|Any CPU.ActiveCfg = Release|Any CPU
		{F45A6C10-CCF2-2CB3-C137-3A0F7C86930B}.Release|Any CPU.Build.0 = Release|Any CPU
		{CAB8138D-EA9C-B795-BB50-91C5B42FE20A}.Debug|Any CPU.ActiveCfg = Debug|Any CPU
		{CAB8138D-EA9C-B795-BB50-91C5B42FE20A}.Debug|Any CPU.Build.0 = Debug|Any CPU
		{CAB8138D-EA9C-B795-BB50-91C5B42FE20A}.Release|Any CPU.ActiveCfg = Release|Any CPU
		{CAB8138D-EA9C-B795-BB50-91C5B42FE20A}.Release|Any CPU.Build.0 = Release|Any CPU
		{26EF50D8-268E-36D8-9C56-2A1A98941A93}.Debug|Any CPU.ActiveCfg = Debug|Any CPU
		{26EF50D8-268E-36D8-9C56-2A1A98941A93}.Debug|Any CPU.Build.0 = Debug|Any CPU
		{26EF50D8-268E-36D8-9C56-2A1A98941A93}.Release|Any CPU.ActiveCfg = Release|Any CPU
		{26EF50D8-268E-36D8-9C56-2A1A98941A93}.Release|Any CPU.Build.0 = Release|Any CPU
		{37CD373B-71B8-C159-5442-8F308E95339F}.Debug|Any CPU.ActiveCfg = Debug|Any CPU
		{37CD373B-71B8-C159-5442-8F308E95339F}.Debug|Any CPU.Build.0 = Debug|Any CPU
		{37CD373B-71B8-C159-5442-8F308E95339F}.Release|Any CPU.ActiveCfg = Release|Any CPU
		{37CD373B-71B8-C159-5442-8F308E95339F}.Release|Any CPU.Build.0 = Release|Any CPU
	EndGlobalSection
	GlobalSection(SolutionProperties) = preSolution
		HideSolutionNode = FALSE
	EndGlobalSection
	GlobalSection(NestedProjects) = preSolution
		{A9B242D9-ADFF-DB9A-E8FE-957ECD294A8B} = {02EA681E-C7D8-13C7-8484-4AC65E1B71E8}
		{7DB8DD0B-C37A-4ACE-2B11-EE3A70145B21} = {02EA681E-C7D8-13C7-8484-4AC65E1B71E8}
		{E6E3956D-8D06-56F7-BF3F-81EA7A3936C0} = {02EA681E-C7D8-13C7-8484-4AC65E1B71E8}
		{63AF3067-6DC4-40D3-6AB9-6625A7AD7004} = {02EA681E-C7D8-13C7-8484-4AC65E1B71E8}
		{011A1254-995D-3F00-55E6-2780D9739BD5} = {02EA681E-C7D8-13C7-8484-4AC65E1B71E8}
		{D3DC2D2B-B526-E00C-F6CD-30F0BAF7981F} = {02EA681E-C7D8-13C7-8484-4AC65E1B71E8}
		{FB66EC40-5567-1D8F-FF26-C67F81569BEA} = {02EA681E-C7D8-13C7-8484-4AC65E1B71E8}
		{F8AA1D6C-DFA6-C38D-EBB5-15255A8C5D94} = {02EA681E-C7D8-13C7-8484-4AC65E1B71E8}
		{1BFEA5BF-00E7-7C7B-BC2C-8D4E8C72B6AC} = {02EA681E-C7D8-13C7-8484-4AC65E1B71E8}
		{EAD7D05C-1384-C81A-DBB1-7AC1A56CA1F0} = {02EA681E-C7D8-13C7-8484-4AC65E1B71E8}
		{7601BBC7-001B-10A1-58E5-9EF0B4A6E120} = {913FAE4A-0533-460B-B647-A110914C8E31}
		{6938565A-A9D0-E0E0-ECBF-F818AD7C3518} = {913FAE4A-0533-460B-B647-A110914C8E31}
		{B008FA1E-5F39-A185-C223-AAA0C6B863CF} = {913FAE4A-0533-460B-B647-A110914C8E31}
		{125DF252-7EFC-4997-E9B7-900466F9D954} = {913FAE4A-0533-460B-B647-A110914C8E31}
		{4F6D85ED-4D02-FBB8-7521-55F877CBAD29} = {913FAE4A-0533-460B-B647-A110914C8E31}
		{CC6C3B89-989D-920F-AB15-200C7D49D553} = {913FAE4A-0533-460B-B647-A110914C8E31}
		{50920FD7-B1C8-0B93-5A92-79988B768923} = {913FAE4A-0533-460B-B647-A110914C8E31}
		{ABA01BFF-9893-7A14-C057-7524D67BB0AB} = {57A6A123-7A3A-436A-A55C-3B63D031E2C0}
		{81F984BC-BEC8-E096-2560-19CDEB3FBB7A} = {57A6A123-7A3A-436A-A55C-3B63D031E2C0}
		{4144D715-3660-B892-0AAF-2ED8E6EF73AE} = {57A6A123-7A3A-436A-A55C-3B63D031E2C0}
		{3FB46692-0822-489E-6175-60F16A34AF90} = {57A6A123-7A3A-436A-A55C-3B63D031E2C0}
		{36EACC14-3F44-3E48-039F-A31441D7C489} = {57A6A123-7A3A-436A-A55C-3B63D031E2C0}
		{F45A6C10-CCF2-2CB3-C137-3A0F7C86930B} = {913FAE4A-0533-460B-B647-A110914C8E31}
		{CAB8138D-EA9C-B795-BB50-91C5B42FE20A} = {57A6A123-7A3A-436A-A55C-3B63D031E2C0}
		{26EF50D8-268E-36D8-9C56-2A1A98941A93} = {57A6A123-7A3A-436A-A55C-3B63D031E2C0}
		{37CD373B-71B8-C159-5442-8F308E95339F} = {57A6A123-7A3A-436A-A55C-3B63D031E2C0}
	EndGlobalSection
	GlobalSection(ExtensibilityGlobals) = postSolution
		SolutionGuid = {45F8315C-7DE8-4906-B06D-6A83B793784C}
	EndGlobalSection
EndGlobal
